
Microsoft Visual Studio Solution File, Format Version 12.00
# Visual Studio 2013
VisualStudioVersion = 12.0.21005.1
MinimumVisualStudioVersion = 10.0.40219.1
Project("{FAE04EC0-301F-11D3-BF4B-00C04F79EFBC}") = "FileManagerProcessor", "LocalSearchEngine\FileManagerProcessor.csproj", "{1AF9D41F-C857-4C9C-B283-5A24700257F3}"
EndProject
Project("{FAE04EC0-301F-11D3-BF4B-00C04F79EFBC}") = "ImageProcessing", "ImageProcessing\ImageProcessing.csproj", "{3364787B-DC78-44F5-AD82-8B26C30BE50E}"
EndProject
Project("{FAE04EC0-301F-11D3-BF4B-00C04F79EFBC}") = "PerceptualHash", "PHash\PerceptualHash.csproj", "{8A2A4552-D880-4D6B-8A8A-21B57A1EF811}"
EndProject
Project("{FAE04EC0-301F-11D3-BF4B-00C04F79EFBC}") = "DataAccess", "FileDataAccess\DataAccess.csproj", "{F55955FB-2714-4D97-929E-37506919B770}"
EndProject
Project("{FAE04EC0-301F-11D3-BF4B-00C04F79EFBC}") = "ImageManagerProcessor", "ImageFilesProcessor\ImageManagerProcessor.csproj", "{5B1C8DFE-C186-48FD-A2FC-41F45D283E1F}"
EndProject
Project("{F088123C-0E9E-452A-89E6-6BA2F21D5CAC}") = "LocalSearchEngineModeling", "LocalSearchEngineModeling\LocalSearchEngineModeling.modelproj", "{AD47CD42-6BFC-4BF9-9CE6-D99E88EE229F}"
EndProject
Project("{FAE04EC0-301F-11D3-BF4B-00C04F79EFBC}") = "LocalSearchEngineGUI", "LocalSearchEngineGUI\LocalSearchEngineGUI.csproj", "{5F180707-6889-47D1-B5D9-7E7FB2E398E6}"
EndProject
Project("{FAE04EC0-301F-11D3-BF4B-00C04F79EFBC}") = "SearchEngineGUI", "SearchEngineGUI\SearchEngineGUI.csproj", "{42AE5D62-6373-4A56-9BF7-99559A884606}"
EndProject
Global
	GlobalSection(SolutionConfigurationPlatforms) = preSolution
		Debug|Any CPU = Debug|Any CPU
		Release|Any CPU = Release|Any CPU
	EndGlobalSection
	GlobalSection(ProjectConfigurationPlatforms) = postSolution
		{1AF9D41F-C857-4C9C-B283-5A24700257F3}.Debug|Any CPU.ActiveCfg = Debug|Any CPU
		{1AF9D41F-C857-4C9C-B283-5A24700257F3}.Debug|Any CPU.Build.0 = Debug|Any CPU
		{1AF9D41F-C857-4C9C-B283-5A24700257F3}.Release|Any CPU.ActiveCfg = Release|Any CPU
		{1AF9D41F-C857-4C9C-B283-5A24700257F3}.Release|Any CPU.Build.0 = Release|Any CPU
		{3364787B-DC78-44F5-AD82-8B26C30BE50E}.Debug|Any CPU.ActiveCfg = Debug|Any CPU
		{3364787B-DC78-44F5-AD82-8B26C30BE50E}.Debug|Any CPU.Build.0 = Debug|Any CPU
		{3364787B-DC78-44F5-AD82-8B26C30BE50E}.Release|Any CPU.ActiveCfg = Release|Any CPU
		{3364787B-DC78-44F5-AD82-8B26C30BE50E}.Release|Any CPU.Build.0 = Release|Any CPU
		{8A2A4552-D880-4D6B-8A8A-21B57A1EF811}.Debug|Any CPU.ActiveCfg = Debug|Any CPU
		{8A2A4552-D880-4D6B-8A8A-21B57A1EF811}.Debug|Any CPU.Build.0 = Debug|Any CPU
		{8A2A4552-D880-4D6B-8A8A-21B57A1EF811}.Release|Any CPU.ActiveCfg = Release|Any CPU
		{8A2A4552-D880-4D6B-8A8A-21B57A1EF811}.Release|Any CPU.Build.0 = Release|Any CPU
		{F55955FB-2714-4D97-929E-37506919B770}.Debug|Any CPU.ActiveCfg = Debug|Any CPU
		{F55955FB-2714-4D97-929E-37506919B770}.Debug|Any CPU.Build.0 = Debug|Any CPU
		{F55955FB-2714-4D97-929E-37506919B770}.Release|Any CPU.ActiveCfg = Release|Any CPU
		{F55955FB-2714-4D97-929E-37506919B770}.Release|Any CPU.Build.0 = Release|Any CPU
		{5B1C8DFE-C186-48FD-A2FC-41F45D283E1F}.Debug|Any CPU.ActiveCfg = Debug|Any CPU
		{5B1C8DFE-C186-48FD-A2FC-41F45D283E1F}.Debug|Any CPU.Build.0 = Debug|Any CPU
		{5B1C8DFE-C186-48FD-A2FC-41F45D283E1F}.Release|Any CPU.ActiveCfg = Release|Any CPU
		{5B1C8DFE-C186-48FD-A2FC-41F45D283E1F}.Release|Any CPU.Build.0 = Release|Any CPU
		{AD47CD42-6BFC-4BF9-9CE6-D99E88EE229F}.Debug|Any CPU.ActiveCfg = Debug|Any CPU
		{AD47CD42-6BFC-4BF9-9CE6-D99E88EE229F}.Debug|Any CPU.Build.0 = Debug|Any CPU
		{AD47CD42-6BFC-4BF9-9CE6-D99E88EE229F}.Release|Any CPU.ActiveCfg = Release|Any CPU
		{AD47CD42-6BFC-4BF9-9CE6-D99E88EE229F}.Release|Any CPU.Build.0 = Release|Any CPU
		{5F180707-6889-47D1-B5D9-7E7FB2E398E6}.Debug|Any CPU.ActiveCfg = Debug|Any CPU
		{5F180707-6889-47D1-B5D9-7E7FB2E398E6}.Debug|Any CPU.Build.0 = Debug|Any CPU
		{5F180707-6889-47D1-B5D9-7E7FB2E398E6}.Release|Any CPU.ActiveCfg = Release|Any CPU
		{5F180707-6889-47D1-B5D9-7E7FB2E398E6}.Release|Any CPU.Build.0 = Release|Any CPU
		{42AE5D62-6373-4A56-9BF7-99559A884606}.Debug|Any CPU.ActiveCfg = Debug|Any CPU
		{42AE5D62-6373-4A56-9BF7-99559A884606}.Debug|Any CPU.Build.0 = Debug|Any CPU
		{42AE5D62-6373-4A56-9BF7-99559A884606}.Release|Any CPU.ActiveCfg = Release|Any CPU
		{42AE5D62-6373-4A56-9BF7-99559A884606}.Release|Any CPU.Build.0 = Release|Any CPU
	EndGlobalSection
	GlobalSection(SolutionProperties) = preSolution
		HideSolutionNode = FALSE
	EndGlobalSection
	GlobalSection(Performance) = preSolution
		HasPerformanceSessions = true
	EndGlobalSection
EndGlobal
